<?xml version="1.0" encoding="utf-8"?>
<Project ToolsVersion="4.0" xmlns="http://schemas.microsoft.com/developer/msbuild/2003">
  <ItemGroup>
    <ClCompile Include="..\..\..\source\cBackground.cpp" />
    <ClCompile Include="..\..\..\source\cBeverage.cpp" />
    <ClCompile Include="..\..\..\source\cCombatText.cpp" />
    <ClCompile Include="..\..\..\source\cGame.cpp" />
    <ClCompile Include="..\..\..\source\cInterface.cpp" />
    <ClCompile Include="..\..\..\source\cMenu.cpp" />
    <ClCompile Include="..\..\..\source\cPlate.cpp" />
    <ClCompile Include="..\..\..\source\cRay.cpp" />
    <ClCompile Include="..\..\..\source\cRock.cpp" />
    <ClCompile Include="..\..\..\source\main.cpp" />
    <ClCompile Include="..\..\..\..\GameJoltAPI\source\Base64.cpp">
      <Filter>GameJoltAPI</Filter>
    </ClCompile>
    <ClCompile Include="..\..\..\..\GameJoltAPI\source\gjAPI.cpp">
      <Filter>GameJoltAPI</Filter>
    </ClCompile>
    <ClCompile Include="..\..\..\..\GameJoltAPI\source\gjDataItem.cpp">
      <Filter>GameJoltAPI</Filter>
    </ClCompile>
    <ClCompile Include="..\..\..\..\GameJoltAPI\source\gjNetwork.cpp">
      <Filter>GameJoltAPI</Filter>
    </ClCompile>
    <ClCompile Include="..\..\..\..\GameJoltAPI\source\gjScore.cpp">
      <Filter>GameJoltAPI</Filter>
    </ClCompile>
    <ClCompile Include="..\..\..\..\GameJoltAPI\source\gjTrophy.cpp">
      <Filter>GameJoltAPI</Filter>
    </ClCompile>
    <ClCompile Include="..\..\..\..\GameJoltAPI\source\gjUser.cpp">
      <Filter>GameJoltAPI</Filter>
    </ClCompile>
    <ClCompile Include="..\..\..\..\GameJoltAPI\source\MD5.cpp">
      <Filter>GameJoltAPI</Filter>
    </ClCompile>
    <ClCompile Include="..\..\..\source\cTrap.cpp" />
    <ClCompile Include="..\..\..\source\cOnline.cpp" />
    <ClCompile Include="..\..\..\source\cFirst.cpp" />
  </ItemGroup>
  <ItemGroup>
    <ClInclude Include="..\..\..\source\cBackground.h" />
    <ClInclude Include="..\..\..\source\cBeverage.h" />
    <ClInclude Include="..\..\..\source\cCombatText.h" />
    <ClInclude Include="..\..\..\source\cGame.h" />
    <ClInclude Include="..\..\..\source\cInterface.h" />
    <ClInclude Include="..\..\..\source\cMenu.h" />
    <ClInclude Include="..\..\..\source\cPlate.h" />
    <ClInclude Include="..\..\..\source\cRay.h" />
    <ClInclude Include="..\..\..\source\cRock.h" />
    <ClInclude Include="..\..\..\source\main.h" />
    <ClInclude Include="..\..\..\..\GameJoltAPI\source\Base64.h">
      <Filter>GameJoltAPI</Filter>
    </ClInclude>
    <ClInclude Include="..\..\..\..\GameJoltAPI\source\gjAPI.h">
      <Filter>GameJoltAPI</Filter>
    </ClInclude>
    <ClInclude Include="..\..\..\..\GameJoltAPI\source\gjDataItem.h">
      <Filter>GameJoltAPI</Filter>
    </ClInclude>
    <ClInclude Include="..\..\..\..\GameJoltAPI\source\gjInline.h">
      <Filter>GameJoltAPI</Filter>
    </ClInclude>
    <ClInclude Include="..\..\..\..\GameJoltAPI\source\gjLookup.h">
      <Filter>GameJoltAPI</Filter>
    </ClInclude>
    <ClInclude Include="..\..\..\..\GameJoltAPI\source\gjNetwork.h">
      <Filter>GameJoltAPI</Filter>
    </ClInclude>
    <ClInclude Include="..\..\..\..\GameJoltAPI\source\gjNetwork.hpp">
      <Filter>GameJoltAPI</Filter>
    </ClInclude>
    <ClInclude Include="..\..\..\..\GameJoltAPI\source\gjScore.h">
      <Filter>GameJoltAPI</Filter>
    </ClInclude>
    <ClInclude Include="..\..\..\..\GameJoltAPI\source\gjTrophy.h">
      <Filter>GameJoltAPI</Filter>
    </ClInclude>
    <ClInclude Include="..\..\..\..\GameJoltAPI\source\gjUser.h">
      <Filter>GameJoltAPI</Filter>
    </ClInclude>
    <ClInclude Include="..\..\..\..\GameJoltAPI\source\MD5.h">
      <Filter>GameJoltAPI</Filter>
    </ClInclude>
    <ClInclude Include="..\..\..\source\cTrap.h" />
    <ClInclude Include="..\..\..\source\cOnline.h" />
    <ClInclude Include="..\..\..\source\cFirst.h" />
  </ItemGroup>
  <ItemGroup>
    <Filter Include="GameJoltAPI">
      <UniqueIdentifier>{c91c5612-a6a2-4ca3-b65a-f6804360117d}</UniqueIdentifier>
    </Filter>
  </ItemGroup>
</Project>