<?xml version="1.0" encoding="utf-8"?>
<Project ToolsVersion="4.0" xmlns="http://schemas.microsoft.com/developer/msbuild/2003">
  <ItemGroup>
    <ClCompile Include="..\..\..\source\main.cpp" />
    <ClCompile Include="..\..\..\source\application.cpp" />
    <ClCompile Include="..\..\..\source\Trap.cpp">
      <Filter>game</Filter>
    </ClCompile>
    <ClCompile Include="..\..\..\source\Stage.cpp">
      <Filter>game</Filter>
    </ClCompile>
    <ClCompile Include="..\..\..\source\Rock.cpp">
      <Filter>game</Filter>
    </ClCompile>
    <ClCompile Include="..\..\..\source\Beverage.cpp">
      <Filter>game</Filter>
    </ClCompile>
    <ClCompile Include="..\..\..\source\Game.cpp">
      <Filter>game</Filter>
    </ClCompile>
    <ClCompile Include="..\..\..\source\CombatText.cpp">
      <Filter>interface</Filter>
    </ClCompile>
    <ClCompile Include="..\..\..\source\Interface.cpp">
      <Filter>interface</Filter>
    </ClCompile>
    <ClCompile Include="..\..\..\source\Menu.cpp">
      <Filter>interface</Filter>
    </ClCompile>
    <ClCompile Include="..\..\..\source\Background.cpp">
      <Filter>visual</Filter>
    </ClCompile>
    <ClCompile Include="..\..\..\source\Plate.cpp">
      <Filter>visual</Filter>
    </ClCompile>
    <ClCompile Include="..\..\..\source\Ray.cpp">
      <Filter>visual</Filter>
    </ClCompile>
    <ClCompile Include="..\..\..\source\First.cpp">
      <Filter>additional</Filter>
    </ClCompile>
    <ClCompile Include="..\..\..\source\Online.cpp">
      <Filter>additional</Filter>
    </ClCompile>
    <ClCompile Include="..\..\..\..\game-jolt-api-cpp-library\source\gjNetwork.cpp">
      <Filter>additional\GameJoltAPI</Filter>
    </ClCompile>
    <ClCompile Include="..\..\..\..\game-jolt-api-cpp-library\source\gjScore.cpp">
      <Filter>additional\GameJoltAPI</Filter>
    </ClCompile>
    <ClCompile Include="..\..\..\..\game-jolt-api-cpp-library\source\gjTrophy.cpp">
      <Filter>additional\GameJoltAPI</Filter>
    </ClCompile>
    <ClCompile Include="..\..\..\..\game-jolt-api-cpp-library\source\gjUser.cpp">
      <Filter>additional\GameJoltAPI</Filter>
    </ClCompile>
    <ClCompile Include="..\..\..\..\game-jolt-api-cpp-library\source\MD5.cpp">
      <Filter>additional\GameJoltAPI</Filter>
    </ClCompile>
    <ClCompile Include="..\..\..\..\game-jolt-api-cpp-library\source\Base64.cpp">
      <Filter>additional\GameJoltAPI</Filter>
    </ClCompile>
    <ClCompile Include="..\..\..\..\game-jolt-api-cpp-library\source\gjAPI.cpp">
      <Filter>additional\GameJoltAPI</Filter>
    </ClCompile>
    <ClCompile Include="..\..\..\..\game-jolt-api-cpp-library\source\gjDataItem.cpp">
      <Filter>additional\GameJoltAPI</Filter>
    </ClCompile>
  </ItemGroup>
  <ItemGroup>
    <ClInclude Include="..\..\..\source\main.h" />
    <ClInclude Include="..\..\..\source\Trap.h">
      <Filter>game</Filter>
    </ClInclude>
    <ClInclude Include="..\..\..\source\Rock.h">
      <Filter>game</Filter>
    </ClInclude>
    <ClInclude Include="..\..\..\source\Beverage.h">
      <Filter>game</Filter>
    </ClInclude>
    <ClInclude Include="..\..\..\source\Game.h">
      <Filter>game</Filter>
    </ClInclude>
    <ClInclude Include="..\..\..\source\CombatText.h">
      <Filter>interface</Filter>
    </ClInclude>
    <ClInclude Include="..\..\..\source\Interface.h">
      <Filter>interface</Filter>
    </ClInclude>
    <ClInclude Include="..\..\..\source\Menu.h">
      <Filter>interface</Filter>
    </ClInclude>
    <ClInclude Include="..\..\..\source\Background.h">
      <Filter>visual</Filter>
    </ClInclude>
    <ClInclude Include="..\..\..\source\Plate.h">
      <Filter>visual</Filter>
    </ClInclude>
    <ClInclude Include="..\..\..\source\Ray.h">
      <Filter>visual</Filter>
    </ClInclude>
    <ClInclude Include="..\..\..\source\First.h">
      <Filter>additional</Filter>
    </ClInclude>
    <ClInclude Include="..\..\..\source\Online.h">
      <Filter>additional</Filter>
    </ClInclude>
    <ClInclude Include="..\..\..\..\game-jolt-api-cpp-library\source\gjLookup.h">
      <Filter>additional\GameJoltAPI</Filter>
    </ClInclude>
    <ClInclude Include="..\..\..\..\game-jolt-api-cpp-library\source\gjNetwork.h">
      <Filter>additional\GameJoltAPI</Filter>
    </ClInclude>
    <ClInclude Include="..\..\..\..\game-jolt-api-cpp-library\source\gjNetwork.impl.h">
      <Filter>additional\GameJoltAPI</Filter>
    </ClInclude>
    <ClInclude Include="..\..\..\..\game-jolt-api-cpp-library\source\gjScore.h">
      <Filter>additional\GameJoltAPI</Filter>
    </ClInclude>
    <ClInclude Include="..\..\..\..\game-jolt-api-cpp-library\source\gjTrophy.h">
      <Filter>additional\GameJoltAPI</Filter>
    </ClInclude>
    <ClInclude Include="..\..\..\..\game-jolt-api-cpp-library\source\gjUser.h">
      <Filter>additional\GameJoltAPI</Filter>
    </ClInclude>
    <ClInclude Include="..\..\..\..\game-jolt-api-cpp-library\source\MD5.h">
      <Filter>additional\GameJoltAPI</Filter>
    </ClInclude>
    <ClInclude Include="..\..\..\..\game-jolt-api-cpp-library\source\Base64.h">
      <Filter>additional\GameJoltAPI</Filter>
    </ClInclude>
    <ClInclude Include="..\..\..\..\game-jolt-api-cpp-library\source\gjAPI.h">
      <Filter>additional\GameJoltAPI</Filter>
    </ClInclude>
    <ClInclude Include="..\..\..\..\game-jolt-api-cpp-library\source\gjDataItem.h">
      <Filter>additional\GameJoltAPI</Filter>
    </ClInclude>
    <ClInclude Include="..\..\..\..\game-jolt-api-cpp-library\source\gjCodeBefore.h">
      <Filter>additional\GameJoltAPI</Filter>
    </ClInclude>
    <ClInclude Include="..\..\..\..\game-jolt-api-cpp-library\source\gjCodeAfter.h">
      <Filter>additional\GameJoltAPI</Filter>
    </ClInclude>
  </ItemGroup>
  <ItemGroup>
    <Filter Include="interface">
      <UniqueIdentifier>{ee60e6fa-a81c-4050-a181-a3c93bf68a48}</UniqueIdentifier>
    </Filter>
    <Filter Include="game">
      <UniqueIdentifier>{c54b6098-957e-4de3-88d3-1e37bad8b5ef}</UniqueIdentifier>
    </Filter>
    <Filter Include="visual">
      <UniqueIdentifier>{16b93eb2-d0e8-4dca-887f-cdf73c8a7a09}</UniqueIdentifier>
    </Filter>
    <Filter Include="additional">
      <UniqueIdentifier>{11a572fd-4216-4a93-a18a-9d0e6c377d5d}</UniqueIdentifier>
    </Filter>
    <Filter Include="additional\GameJoltAPI">
      <UniqueIdentifier>{c91c5612-a6a2-4ca3-b65a-f6804360117d}</UniqueIdentifier>
    </Filter>
  </ItemGroup>
  <ItemGroup>
    <ResourceCompile Include="windows\version.rc" />
  </ItemGroup>
</Project>